
Microsoft Visual Studio Solution File, Format Version 12.00
# Visual Studio Version 16
VisualStudioVersion = 16.0.29806.167
MinimumVisualStudioVersion = 10.0.40219.1
Project("{FAE04EC0-301F-11D3-BF4B-00C04F79EFBC}") = "FreeChat.Android", "FreeChat\FreeChat.Android\FreeChat.Android.csproj", "{CDEECCD9-8A40-40F7-85FA-A110DF56C017}"
EndProject
Project("{FAE04EC0-301F-11D3-BF4B-00C04F79EFBC}") = "FreeChat.iOS", "FreeChat\FreeChat.iOS\FreeChat.iOS.csproj", "{B3B28FB5-762E-4C69-9029-B86FAA598387}"
EndProject
Project("{9A19103F-16F7-4668-BE54-9A1E7A4F7556}") = "FreeChat", "FreeChat\FreeChat\FreeChat.csproj", "{037765CD-0C05-47E5-8D44-2A265200E35A}"
EndProject
Project("{9A19103F-16F7-4668-BE54-9A1E7A4F7556}") = "Models", "Models\Models.csproj", "{73535BFD-495B-401E-815E-9EA71791BD77}"
EndProject
Global
	GlobalSection(SolutionConfigurationPlatforms) = preSolution
		Debug|Any CPU = Debug|Any CPU
		Debug|iPhone = Debug|iPhone
		Debug|iPhoneSimulator = Debug|iPhoneSimulator
		Release|Any CPU = Release|Any CPU
		Release|iPhone = Release|iPhone
		Release|iPhoneSimulator = Release|iPhoneSimulator
	EndGlobalSection
	GlobalSection(ProjectConfigurationPlatforms) = postSolution
		{CDEECCD9-8A40-40F7-85FA-A110DF56C017}.Debug|Any CPU.ActiveCfg = Debug|Any CPU
		{CDEECCD9-8A40-40F7-85FA-A110DF56C017}.Debug|Any CPU.Build.0 = Debug|Any CPU
		{CDEECCD9-8A40-40F7-85FA-A110DF56C017}.Debug|Any CPU.Deploy.0 = Debug|Any CPU
		{CDEECCD9-8A40-40F7-85FA-A110DF56C017}.Debug|iPhone.ActiveCfg = Debug|Any CPU
		{CDEECCD9-8A40-40F7-85FA-A110DF56C017}.Debug|iPhone.Build.0 = Debug|Any CPU
		{CDEECCD9-8A40-40F7-85FA-A110DF56C017}.Debug|iPhone.Deploy.0 = Debug|Any CPU
		{CDEECCD9-8A40-40F7-85FA-A110DF56C017}.Debug|iPhoneSimulator.ActiveCfg = Debug|Any CPU
		{CDEECCD9-8A40-40F7-85FA-A110DF56C017}.Debug|iPhoneSimulator.Build.0 = Debug|Any CPU
		{CDEECCD9-8A40-40F7-85FA-A110DF56C017}.Debug|iPhoneSimulator.Deploy.0 = Debug|Any CPU
		{CDEECCD9-8A40-40F7-85FA-A110DF56C017}.Release|Any CPU.ActiveCfg = Release|Any CPU
		{CDEECCD9-8A40-40F7-85FA-A110DF56C017}.Release|Any CPU.Build.0 = Release|Any CPU
		{CDEECCD9-8A40-40F7-85FA-A110DF56C017}.Release|Any CPU.Deploy.0 = Release|Any CPU
		{CDEECCD9-8A40-40F7-85FA-A110DF56C017}.Release|iPhone.ActiveCfg = Release|Any CPU
		{CDEECCD9-8A40-40F7-85FA-A110DF56C017}.Release|iPhone.Build.0 = Release|Any CPU
		{CDEECCD9-8A40-40F7-85FA-A110DF56C017}.Release|iPhone.Deploy.0 = Release|Any CPU
		{CDEECCD9-8A40-40F7-85FA-A110DF56C017}.Release|iPhoneSimulator.ActiveCfg = Release|Any CPU
		{CDEECCD9-8A40-40F7-85FA-A110DF56C017}.Release|iPhoneSimulator.Build.0 = Release|Any CPU
		{CDEECCD9-8A40-40F7-85FA-A110DF56C017}.Release|iPhoneSimulator.Deploy.0 = Release|Any CPU
		{B3B28FB5-762E-4C69-9029-B86FAA598387}.Debug|Any CPU.ActiveCfg = Debug|iPhoneSimulator
		{B3B28FB5-762E-4C69-9029-B86FAA598387}.Debug|Any CPU.Build.0 = Debug|iPhoneSimulator
		{B3B28FB5-762E-4C69-9029-B86FAA598387}.Debug|Any CPU.Deploy.0 = Debug|iPhoneSimulator
		{B3B28FB5-762E-4C69-9029-B86FAA598387}.Debug|iPhone.ActiveCfg = Debug|iPhone
		{B3B28FB5-762E-4C69-9029-B86FAA598387}.Debug|iPhone.Build.0 = Debug|iPhone
		{B3B28FB5-762E-4C69-9029-B86FAA598387}.Debug|iPhone.Deploy.0 = Debug|iPhone
		{B3B28FB5-762E-4C69-9029-B86FAA598387}.Debug|iPhoneSimulator.ActiveCfg = Debug|iPhoneSimulator
		{B3B28FB5-762E-4C69-9029-B86FAA598387}.Debug|iPhoneSimulator.Build.0 = Debug|iPhoneSimulator
		{B3B28FB5-762E-4C69-9029-B86FAA598387}.Debug|iPhoneSimulator.Deploy.0 = Debug|iPhoneSimulator
		{B3B28FB5-762E-4C69-9029-B86FAA598387}.Release|Any CPU.ActiveCfg = Release|iPhone
		{B3B28FB5-762E-4C69-9029-B86FAA598387}.Release|Any CPU.Build.0 = Release|iPhone
		{B3B28FB5-762E-4C69-9029-B86FAA598387}.Release|Any CPU.Deploy.0 = Release|iPhone
		{B3B28FB5-762E-4C69-9029-B86FAA598387}.Release|iPhone.ActiveCfg = Release|iPhone
		{B3B28FB5-762E-4C69-9029-B86FAA598387}.Release|iPhone.Build.0 = Release|iPhone
		{B3B28FB5-762E-4C69-9029-B86FAA598387}.Release|iPhone.Deploy.0 = Release|iPhone
		{B3B28FB5-762E-4C69-9029-B86FAA598387}.Release|iPhoneSimulator.ActiveCfg = Release|iPhoneSimulator
		{B3B28FB5-762E-4C69-9029-B86FAA598387}.Release|iPhoneSimulator.Build.0 = Release|iPhoneSimulator
		{B3B28FB5-762E-4C69-9029-B86FAA598387}.Release|iPhoneSimulator.Deploy.0 = Release|iPhoneSimulator
		{037765CD-0C05-47E5-8D44-2A265200E35A}.Debug|Any CPU.ActiveCfg = Debug|Any CPU
		{037765CD-0C05-47E5-8D44-2A265200E35A}.Debug|Any CPU.Build.0 = Debug|Any CPU
		{037765CD-0C05-47E5-8D44-2A265200E35A}.Debug|Any CPU.Deploy.0 = Debug|Any CPU
		{037765CD-0C05-47E5-8D44-2A265200E35A}.Debug|iPhone.ActiveCfg = Debug|Any CPU
		{037765CD-0C05-47E5-8D44-2A265200E35A}.Debug|iPhone.Build.0 = Debug|Any CPU
		{037765CD-0C05-47E5-8D44-2A265200E35A}.Debug|iPhone.Deploy.0 = Debug|Any CPU
		{037765CD-0C05-47E5-8D44-2A265200E35A}.Debug|iPhoneSimulator.ActiveCfg = Debug|Any CPU
		{037765CD-0C05-47E5-8D44-2A265200E35A}.Debug|iPhoneSimulator.Build.0 = Debug|Any CPU
		{037765CD-0C05-47E5-8D44-2A265200E35A}.Debug|iPhoneSimulator.Deploy.0 = Debug|Any CPU
		{037765CD-0C05-47E5-8D44-2A265200E35A}.Release|Any CPU.ActiveCfg = Release|Any CPU
		{037765CD-0C05-47E5-8D44-2A265200E35A}.Release|Any CPU.Build.0 = Release|Any CPU
		{037765CD-0C05-47E5-8D44-2A265200E35A}.Release|Any CPU.Deploy.0 = Release|Any CPU
		{037765CD-0C05-47E5-8D44-2A265200E35A}.Release|iPhone.ActiveCfg = Release|Any CPU
		{037765CD-0C05-47E5-8D44-2A265200E35A}.Release|iPhone.Build.0 = Release|Any CPU
		{037765CD-0C05-47E5-8D44-2A265200E35A}.Release|iPhone.Deploy.0 = Release|Any CPU
		{037765CD-0C05-47E5-8D44-2A265200E35A}.Release|iPhoneSimulator.ActiveCfg = Release|Any CPU
		{037765CD-0C05-47E5-8D44-2A265200E35A}.Release|iPhoneSimulator.Build.0 = Release|Any CPU
		{037765CD-0C05-47E5-8D44-2A265200E35A}.Release|iPhoneSimulator.Deploy.0 = Release|Any CPU
		{73535BFD-495B-401E-815E-9EA71791BD77}.Debug|Any CPU.ActiveCfg = Debug|Any CPU
		{73535BFD-495B-401E-815E-9EA71791BD77}.Debug|Any CPU.Build.0 = Debug|Any CPU
		{73535BFD-495B-401E-815E-9EA71791BD77}.Debug|iPhone.ActiveCfg = Debug|Any CPU
		{73535BFD-495B-401E-815E-9EA71791BD77}.Debug|iPhone.Build.0 = Debug|Any CPU
		{73535BFD-495B-401E-815E-9EA71791BD77}.Debug|iPhoneSimulator.ActiveCfg = Debug|Any CPU
		{73535BFD-495B-401E-815E-9EA71791BD77}.Debug|iPhoneSimulator.Build.0 = Debug|Any CPU
		{73535BFD-495B-401E-815E-9EA71791BD77}.Release|Any CPU.ActiveCfg = Release|Any CPU
		{73535BFD-495B-401E-815E-9EA71791BD77}.Release|Any CPU.Build.0 = Release|Any CPU
		{73535BFD-495B-401E-815E-9EA71791BD77}.Release|iPhone.ActiveCfg = Release|Any CPU
		{73535BFD-495B-401E-815E-9EA71791BD77}.Release|iPhone.Build.0 = Release|Any CPU
		{73535BFD-495B-401E-815E-9EA71791BD77}.Release|iPhoneSimulator.ActiveCfg = Release|Any CPU
		{73535BFD-495B-401E-815E-9EA71791BD77}.Release|iPhoneSimulator.Build.0 = Release|Any CPU
	EndGlobalSection
	GlobalSection(SolutionProperties) = preSolution
		HideSolutionNode = FALSE
	EndGlobalSection
	GlobalSection(ExtensibilityGlobals) = postSolution
		SolutionGuid = {8DD44A40-401B-4587-85A5-B21F713433FC}
	EndGlobalSection
EndGlobal
